{
  "version": 4,
  "terraform_version": "0.14.0",
  "serial": 3,
  "lineage": "da7450fa-9eff-1178-ea70-b6b9ef25f5ac",
  "outputs": {},
  "resources": [
    {
      "mode": "managed",
      "type": "google_dialogflow_cx_agent",
      "name": "full_agent",
      "provider": "provider[\"registry.terraform.io/hashicorp/google\"]",
      "instances": [
        {
          "schema_version": 0,
          "attributes": {
            "avatar_uri": "https://cloud.google.com/_static/images/cloud/icons/favicons/onecloud/super_cloud.png",
            "default_language_code": "en",
            "description": "Example description.",
            "display_name": "us-dev-abcd-fghi-dialogflowcx-agent1",
            "enable_spell_correction": true,
            "enable_stackdriver_logging": true,
            "id": "projects/airline1-sabre-wolverine/locations/global/agents/cece11e0-922a-4ea8-893c-1bdb3eaf6aa8",
            "location": "global",
            "name": "cece11e0-922a-4ea8-893c-1bdb3eaf6aa8",
            "project": "airline1-sabre-wolverine",
            "security_settings": "projects/airline1-sabre-wolverine/locations/global/securitySettings/ac8dd1d1a8500fe9",
            "speech_to_text_settings": [
              {
                "enable_speech_adaptation": true
              }
            ],
            "start_flow": "projects/airline1-sabre-wolverine/locations/global/agents/cece11e0-922a-4ea8-893c-1bdb3eaf6aa8/flows/00000000-0000-0000-0000-000000000000",
            "supported_language_codes": [
              "fr",
              "de",
              "es"
            ],
            "time_zone": "America/New_York",
            "timeouts": null
          },
          "sensitive_attributes": [],
          "private": "eyJlMmJmYjczMC1lY2FhLTExZTYtOGY4OC0zNDM2M2JjN2M0YzAiOnsiY3JlYXRlIjoyNDAwMDAwMDAwMDAwLCJkZWxldGUiOjI0MDAwMDAwMDAwMCwidXBkYXRlIjoyNDAwMDAwMDAwMDAwfX0="
        }
      ]
    }
  ]
}
